
Microsoft Visual Studio Solution File, Format Version 12.00
# Visual Studio Version 16
VisualStudioVersion = 16.0.31613.86
MinimumVisualStudioVersion = 10.0.40219.1
Project("{FAE04EC0-301F-11D3-BF4B-00C04F79EFBC}") = "Grupo 3 primer proyecto web", "Grupo 3 primer proyecto web.csproj", "{878F850A-B936-4B1F-833E-6D47F2A225BF}"
EndProject
Global
	GlobalSection(SolutionConfigurationPlatforms) = preSolution
		Debug|Any CPU = Debug|Any CPU
		Release|Any CPU = Release|Any CPU
	EndGlobalSection
	GlobalSection(ProjectConfigurationPlatforms) = postSolution
		{878F850A-B936-4B1F-833E-6D47F2A225BF}.Debug|Any CPU.ActiveCfg = Debug|Any CPU
		{878F850A-B936-4B1F-833E-6D47F2A225BF}.Debug|Any CPU.Build.0 = Debug|Any CPU
		{878F850A-B936-4B1F-833E-6D47F2A225BF}.Release|Any CPU.ActiveCfg = Release|Any CPU
		{878F850A-B936-4B1F-833E-6D47F2A225BF}.Release|Any CPU.Build.0 = Release|Any CPU
	EndGlobalSection
	GlobalSection(SolutionProperties) = preSolution
		HideSolutionNode = FALSE
	EndGlobalSection
	GlobalSection(ExtensibilityGlobals) = postSolution
		SolutionGuid = {8AE2F88E-CA87-4095-A215-9E374F13223C}
	EndGlobalSection
EndGlobal
